
Microsoft Visual Studio Solution File, Format Version 12.00
# Visual Studio 15
VisualStudioVersion = 15.0.28307.572
MinimumVisualStudioVersion = 10.0.40219.1
Project("{FAE04EC0-301F-11D3-BF4B-00C04F79EFBC}") = "Setup", "Setup\Setup.csproj", "{81C1F795-D8ED-4A51-99B5-D1ADD7632270}"
EndProject
Project("{54435603-DBB4-11D2-8724-00A0C9A8B90C}") = "Instalador Sistema", "Instalador Sistema\Instalador Sistema.vdproj", "{E3EDD665-09D8-42BA-B905-60CC69811D0F}"
EndProject
Global
	GlobalSection(SolutionConfigurationPlatforms) = preSolution
		Debug|Any CPU = Debug|Any CPU
		Release|Any CPU = Release|Any CPU
	EndGlobalSection
	GlobalSection(ProjectConfigurationPlatforms) = postSolution
		{81C1F795-D8ED-4A51-99B5-D1ADD7632270}.Debug|Any CPU.ActiveCfg = Debug|Any CPU
		{81C1F795-D8ED-4A51-99B5-D1ADD7632270}.Debug|Any CPU.Build.0 = Debug|Any CPU
		{81C1F795-D8ED-4A51-99B5-D1ADD7632270}.Release|Any CPU.ActiveCfg = Release|Any CPU
		{81C1F795-D8ED-4A51-99B5-D1ADD7632270}.Release|Any CPU.Build.0 = Release|Any CPU
		{E3EDD665-09D8-42BA-B905-60CC69811D0F}.Debug|Any CPU.ActiveCfg = Debug
		{E3EDD665-09D8-42BA-B905-60CC69811D0F}.Release|Any CPU.ActiveCfg = Release
	EndGlobalSection
	GlobalSection(SolutionProperties) = preSolution
		HideSolutionNode = FALSE
	EndGlobalSection
	GlobalSection(ExtensibilityGlobals) = postSolution
		SolutionGuid = {E62D86C9-79E5-4D7A-84D4-040588681AEA}
	EndGlobalSection
EndGlobal
